
Microsoft Visual Studio Solution File, Format Version 12.00
# Visual Studio Version 17
VisualStudioVersion = 17.14.36310.24 d17.14
MinimumVisualStudioVersion = 10.0.40219.1
Project("{FAE04EC0-301F-11D3-BF4B-00C04F79EFBC}") = "AsynchronousMultithreadingArtifacts", "AsynchronousMultithreadingArtifacts\AsynchronousMultithreadingArtifacts.csproj", "{0BE15CFA-6FBF-4129-9301-5CDCD6383E75}"
EndProject
Global
	GlobalSection(SolutionConfigurationPlatforms) = preSolution
		Debug|Any CPU = Debug|Any CPU
		Release|Any CPU = Release|Any CPU
	EndGlobalSection
	GlobalSection(ProjectConfigurationPlatforms) = postSolution
		{0BE15CFA-6FBF-4129-9301-5CDCD6383E75}.Debug|Any CPU.ActiveCfg = Debug|Any CPU
		{0BE15CFA-6FBF-4129-9301-5CDCD6383E75}.Debug|Any CPU.Build.0 = Debug|Any CPU
		{0BE15CFA-6FBF-4129-9301-5CDCD6383E75}.Release|Any CPU.ActiveCfg = Release|Any CPU
		{0BE15CFA-6FBF-4129-9301-5CDCD6383E75}.Release|Any CPU.Build.0 = Release|Any CPU
	EndGlobalSection
	GlobalSection(SolutionProperties) = preSolution
		HideSolutionNode = FALSE
	EndGlobalSection
	GlobalSection(ExtensibilityGlobals) = postSolution
		SolutionGuid = {A4E8776B-0D07-4ABD-BF09-8545F69D9C1F}
	EndGlobalSection
EndGlobal
